
Microsoft Visual Studio Solution File, Format Version 12.00
# Visual Studio Version 17
VisualStudioVersion = 17.7.34202.233
MinimumVisualStudioVersion = 10.0.40219.1
Project("{9A19103F-16F7-4668-BE54-9A1E7A4F7556}") = "CarRentalVG", "CarRentalVG\CarRentalVG.csproj", "{B9C0FFD6-030A-451E-B913-046D8BEF31EA}"
EndProject
Project("{9A19103F-16F7-4668-BE54-9A1E7A4F7556}") = "CarRentalVG.Business", "CarRentalVG.Business\CarRentalVG.Business.csproj", "{2682B3B1-3E20-4C51-B8FF-44200661733E}"
EndProject
Project("{FAE04EC0-301F-11D3-BF4B-00C04F79EFBC}") = "CarRentalVG.Common", "CarRentalVG.Common\CarRentalVG.Common.csproj", "{B70CA463-E80D-4D97-9224-DE2332474CB9}"
EndProject
Project("{FAE04EC0-301F-11D3-BF4B-00C04F79EFBC}") = "CarRentalVG.Data", "CarRentalVG.Data\CarRentalVG.Data.csproj", "{B11AF982-BEF3-45B9-8C66-86426256AD46}"
EndProject
Global
	GlobalSection(SolutionConfigurationPlatforms) = preSolution
		Debug|Any CPU = Debug|Any CPU
		Release|Any CPU = Release|Any CPU
	EndGlobalSection
	GlobalSection(ProjectConfigurationPlatforms) = postSolution
		{B9C0FFD6-030A-451E-B913-046D8BEF31EA}.Debug|Any CPU.ActiveCfg = Debug|Any CPU
		{B9C0FFD6-030A-451E-B913-046D8BEF31EA}.Debug|Any CPU.Build.0 = Debug|Any CPU
		{B9C0FFD6-030A-451E-B913-046D8BEF31EA}.Release|Any CPU.ActiveCfg = Release|Any CPU
		{B9C0FFD6-030A-451E-B913-046D8BEF31EA}.Release|Any CPU.Build.0 = Release|Any CPU
		{2682B3B1-3E20-4C51-B8FF-44200661733E}.Debug|Any CPU.ActiveCfg = Debug|Any CPU
		{2682B3B1-3E20-4C51-B8FF-44200661733E}.Debug|Any CPU.Build.0 = Debug|Any CPU
		{2682B3B1-3E20-4C51-B8FF-44200661733E}.Release|Any CPU.ActiveCfg = Release|Any CPU
		{2682B3B1-3E20-4C51-B8FF-44200661733E}.Release|Any CPU.Build.0 = Release|Any CPU
		{B70CA463-E80D-4D97-9224-DE2332474CB9}.Debug|Any CPU.ActiveCfg = Debug|Any CPU
		{B70CA463-E80D-4D97-9224-DE2332474CB9}.Debug|Any CPU.Build.0 = Debug|Any CPU
		{B70CA463-E80D-4D97-9224-DE2332474CB9}.Release|Any CPU.ActiveCfg = Release|Any CPU
		{B70CA463-E80D-4D97-9224-DE2332474CB9}.Release|Any CPU.Build.0 = Release|Any CPU
		{B11AF982-BEF3-45B9-8C66-86426256AD46}.Debug|Any CPU.ActiveCfg = Debug|Any CPU
		{B11AF982-BEF3-45B9-8C66-86426256AD46}.Debug|Any CPU.Build.0 = Debug|Any CPU
		{B11AF982-BEF3-45B9-8C66-86426256AD46}.Release|Any CPU.ActiveCfg = Release|Any CPU
		{B11AF982-BEF3-45B9-8C66-86426256AD46}.Release|Any CPU.Build.0 = Release|Any CPU
	EndGlobalSection
	GlobalSection(SolutionProperties) = preSolution
		HideSolutionNode = FALSE
	EndGlobalSection
	GlobalSection(ExtensibilityGlobals) = postSolution
		SolutionGuid = {B7D14F0D-FEFA-4D0F-A414-C786461F7F4D}
	EndGlobalSection
EndGlobal
